Microsoft Visual Studio Solution File, Format Version 12.00
# Visual Studio 15
VisualStudioVersion = 15.0.28307.271
MinimumVisualStudioVersion = 10.0.40219.1
Project("{9A19103F-16F7-4668-BE54-9A1E7A4F7556}") = "ProductApi", "ProductApi\ProductApi.csproj", "{B7FFB3CC-DB95-42EA-AC8F-B65AE5012E65}"
EndProject
Project("{9A19103F-16F7-4668-BE54-9A1E7A4F7556}") = "OrderApi", "OrderApi\OrderApi.csproj", "{49B688E9-31B4-4F04-96FF-34032E70CF54}"
EndProject
Project("{FAE04EC0-301F-11D3-BF4B-00C04F79EFBC}") = "CustomerApi", "CustomerApi\CustomerApi.csproj", "{0D0E6C92-03E4-45EC-BE49-DF96CE0EE1DD}"
EndProject
Global
	GlobalSection(SolutionConfigurationPlatforms) = preSolution
		Debug|Any CPU = Debug|Any CPU
		Release|Any CPU = Release|Any CPU
	EndGlobalSection
	GlobalSection(ProjectConfigurationPlatforms) = postSolution
		{B7FFB3CC-DB95-42EA-AC8F-B65AE5012E65}.Debug|Any CPU.ActiveCfg = Debug|Any CPU
		{B7FFB3CC-DB95-42EA-AC8F-B65AE5012E65}.Debug|Any CPU.Build.0 = Debug|Any CPU
		{B7FFB3CC-DB95-42EA-AC8F-B65AE5012E65}.Release|Any CPU.ActiveCfg = Release|Any CPU
		{B7FFB3CC-DB95-42EA-AC8F-B65AE5012E65}.Release|Any CPU.Build.0 = Release|Any CPU
		{49B688E9-31B4-4F04-96FF-34032E70CF54}.Debug|Any CPU.ActiveCfg = Debug|Any CPU
		{49B688E9-31B4-4F04-96FF-34032E70CF54}.Debug|Any CPU.Build.0 = Debug|Any CPU
		{49B688E9-31B4-4F04-96FF-34032E70CF54}.Release|Any CPU.ActiveCfg = Release|Any CPU
		{49B688E9-31B4-4F04-96FF-34032E70CF54}.Release|Any CPU.Build.0 = Release|Any CPU
		{0D0E6C92-03E4-45EC-BE49-DF96CE0EE1DD}.Debug|Any CPU.ActiveCfg = Debug|Any CPU
		{0D0E6C92-03E4-45EC-BE49-DF96CE0EE1DD}.Debug|Any CPU.Build.0 = Debug|Any CPU
		{0D0E6C92-03E4-45EC-BE49-DF96CE0EE1DD}.Release|Any CPU.ActiveCfg = Release|Any CPU
		{0D0E6C92-03E4-45EC-BE49-DF96CE0EE1DD}.Release|Any CPU.Build.0 = Release|Any CPU
	EndGlobalSection
	GlobalSection(SolutionProperties) = preSolution
		HideSolutionNode = FALSE
	EndGlobalSection
	GlobalSection(ExtensibilityGlobals) = postSolution
		SolutionGuid = {1BDB293B-3135-4BE7-80E3-BAA6CE681470}
	EndGlobalSection
EndGlobal
