
Microsoft Visual Studio Solution File, Format Version 12.00
# Visual Studio 15
Project("{FAE04EC0-301F-11D3-BF4B-00C04F79EFBC}") = "ProductApi", "ProductApi\ProductApi.csproj", "{B7FFB3CC-DB95-42EA-AC8F-B65AE5012E65}"
EndProject
Project("{FAE04EC0-301F-11D3-BF4B-00C04F79EFBC}") = "OrderApi", "OrderApi\OrderApi.csproj", "{49B688E9-31B4-4F04-96FF-34032E70CF54}"
EndProject
Global
	GlobalSection(SolutionConfigurationPlatforms) = preSolution
		Debug|Any CPU = Debug|Any CPU
		Release|Any CPU = Release|Any CPU
	EndGlobalSection
	GlobalSection(ProjectConfigurationPlatforms) = postSolution
		{B7FFB3CC-DB95-42EA-AC8F-B65AE5012E65}.Debug|Any CPU.ActiveCfg = Debug|Any CPU
		{B7FFB3CC-DB95-42EA-AC8F-B65AE5012E65}.Debug|Any CPU.Build.0 = Debug|Any CPU
		{B7FFB3CC-DB95-42EA-AC8F-B65AE5012E65}.Release|Any CPU.ActiveCfg = Release|Any CPU
		{B7FFB3CC-DB95-42EA-AC8F-B65AE5012E65}.Release|Any CPU.Build.0 = Release|Any CPU
		{49B688E9-31B4-4F04-96FF-34032E70CF54}.Debug|Any CPU.ActiveCfg = Debug|Any CPU
		{49B688E9-31B4-4F04-96FF-34032E70CF54}.Debug|Any CPU.Build.0 = Debug|Any CPU
		{49B688E9-31B4-4F04-96FF-34032E70CF54}.Release|Any CPU.ActiveCfg = Release|Any CPU
		{49B688E9-31B4-4F04-96FF-34032E70CF54}.Release|Any CPU.Build.0 = Release|Any CPU
	EndGlobalSection
EndGlobal
